
Microsoft Visual Studio Solution File, Format Version 12.00
# Visual Studio Version 16
VisualStudioVersion = 16.0.31409.214
MinimumVisualStudioVersion = 10.0.40219.1
Project("{9A19103F-16F7-4668-BE54-9A1E7A4F7556}") = "DKInterviewAssignment", "DKInterviewAssignment\DKInterviewAssignment.csproj", "{98458AC5-AFDF-4852-9840-272B8A6F9DFA}"
EndProject
Global
	GlobalSection(SolutionConfigurationPlatforms) = preSolution
		Debug|Any CPU = Debug|Any CPU
		Release|Any CPU = Release|Any CPU
	EndGlobalSection
	GlobalSection(ProjectConfigurationPlatforms) = postSolution
		{98458AC5-AFDF-4852-9840-272B8A6F9DFA}.Debug|Any CPU.ActiveCfg = Debug|Any CPU
		{98458AC5-AFDF-4852-9840-272B8A6F9DFA}.Debug|Any CPU.Build.0 = Debug|Any CPU
		{98458AC5-AFDF-4852-9840-272B8A6F9DFA}.Release|Any CPU.ActiveCfg = Release|Any CPU
		{98458AC5-AFDF-4852-9840-272B8A6F9DFA}.Release|Any CPU.Build.0 = Release|Any CPU
	EndGlobalSection
	GlobalSection(SolutionProperties) = preSolution
		HideSolutionNode = FALSE
	EndGlobalSection
	GlobalSection(ExtensibilityGlobals) = postSolution
		SolutionGuid = {8F60F7E9-1DBC-4E42-8C82-DE4E2D712321}
	EndGlobalSection
EndGlobal
